
Microsoft Visual Studio Solution File, Format Version 12.00
# Visual Studio 15
VisualStudioVersion = 15.0.28307.1169
MinimumVisualStudioVersion = 10.0.40219.1
Project("{FAE04EC0-301F-11D3-BF4B-00C04F79EFBC}") = "SignatureSHA256", "SignatureSHA256\SignatureSHA256.csproj", "{B9EB5D39-B8F4-45B5-8292-1CF9E2728BB0}"
EndProject
Global
	GlobalSection(SolutionConfigurationPlatforms) = preSolution
		Debug|Any CPU = Debug|Any CPU
		Release|Any CPU = Release|Any CPU
	EndGlobalSection
	GlobalSection(ProjectConfigurationPlatforms) = postSolution
		{B9EB5D39-B8F4-45B5-8292-1CF9E2728BB0}.Debug|Any CPU.ActiveCfg = Debug|Any CPU
		{B9EB5D39-B8F4-45B5-8292-1CF9E2728BB0}.Debug|Any CPU.Build.0 = Debug|Any CPU
		{B9EB5D39-B8F4-45B5-8292-1CF9E2728BB0}.Release|Any CPU.ActiveCfg = Release|Any CPU
		{B9EB5D39-B8F4-45B5-8292-1CF9E2728BB0}.Release|Any CPU.Build.0 = Release|Any CPU
	EndGlobalSection
	GlobalSection(SolutionProperties) = preSolution
		HideSolutionNode = FALSE
	EndGlobalSection
	GlobalSection(ExtensibilityGlobals) = postSolution
		SolutionGuid = {21925FB6-C49E-4BCB-8C57-801D470CCB9C}
	EndGlobalSection
EndGlobal
